#
# This file is autogenerated by pip-compile with Python 3.10
# by the following command:
#
#    pip-compile --output-file=serl_ur_infra/docker/requirements-rlpd-receive.lock serl_ur_infra/docker/requirements-rlpd-receive.in
#
absl-py==2.5.0
    # via
    #   chex
    #   optax
    #   orbax-checkpoint
agentlace @ git+https://github.com/youliangtan/agentlace.git@cf2c337c5e3694cdbfc14831b239bd657bc4894d
    # via -r serl_ur_infra/docker/requirements-rlpd-receive.in
certifi==2026.7.22
    # via requests
charset-normalizer==3.4.9
    # via requests
chex==0.1.87
    # via
    #   -r serl_ur_infra/docker/requirements-rlpd-receive.in
    #   optax
cloudpickle==3.1.2
    # via
    #   gym
    #   gymnasium
einops==0.8.0
    # via -r serl_ur_infra/docker/requirements-rlpd-receive.in
etils[epath,epy]==1.13.0
    # via
    #   optax
    #   orbax-checkpoint
exceptiongroup==1.3.1
    # via pytest
farama-notifications==0.0.6
    # via gymnasium
flax==0.8.5
    # via -r serl_ur_infra/docker/requirements-rlpd-receive.in
fsspec==2026.6.0
    # via etils
grpcio==1.74.0
    # via -r serl_ur_infra/docker/requirements-rlpd-receive.in
gym==0.26.2
    # via agentlace
gym-notices==0.1.0
    # via gym
gymnasium==0.29.1
    # via -r serl_ur_infra/docker/requirements-rlpd-receive.in
humanize==4.16.0
    # via orbax-checkpoint
idna==3.18
    # via requests
importlib-resources==7.1.0
    # via etils
iniconfig==2.3.0
    # via pytest
jax[cuda12]==0.4.35
    # via
    #   -r serl_ur_infra/docker/requirements-rlpd-receive.in
    #   chex
    #   flax
    #   optax
    #   orbax-checkpoint
jax-cuda12-pjrt==0.4.35
    # via jax-cuda12-plugin
jax-cuda12-plugin[with-cuda]==0.4.35
    # via jax
jaxlib==0.4.34
    # via
    #   chex
    #   jax
    #   optax
    #   orbax-checkpoint
lz4==4.3.3
    # via
    #   -r serl_ur_infra/docker/requirements-rlpd-receive.in
    #   agentlace
markdown-it-py==4.2.0
    # via rich
mdurl==0.1.2
    # via markdown-it-py
ml-dtypes==0.5.4
    # via
    #   jax
    #   jaxlib
    #   tensorstore
msgpack==1.2.1
    # via
    #   flax
    #   orbax-checkpoint
nest-asyncio==1.6.0
    # via orbax-checkpoint
numpy==1.26.4
    # via
    #   -r serl_ur_infra/docker/requirements-rlpd-receive.in
    #   chex
    #   flax
    #   gym
    #   gymnasium
    #   jax
    #   jaxlib
    #   ml-dtypes
    #   opencv-python
    #   optax
    #   orbax-checkpoint
    #   scipy
    #   tensorstore
nvidia-cublas-cu12==12.9.2.10
    # via
    #   jax-cuda12-plugin
    #   nvidia-cudnn-cu12
    #   nvidia-cusolver-cu12
nvidia-cuda-cupti-cu12==12.9.79
    # via jax-cuda12-plugin
nvidia-cuda-nvcc-cu12==12.9.86
    # via jax-cuda12-plugin
nvidia-cuda-nvrtc-cu12==12.9.86
    # via nvidia-cublas-cu12
nvidia-cuda-runtime-cu12==12.9.79
    # via jax-cuda12-plugin
nvidia-cudnn-cu12==9.24.0.43
    # via jax-cuda12-plugin
nvidia-cufft-cu12==11.4.1.4
    # via jax-cuda12-plugin
nvidia-cusolver-cu12==11.7.5.82
    # via jax-cuda12-plugin
nvidia-cusparse-cu12==12.5.10.65
    # via
    #   jax-cuda12-plugin
    #   nvidia-cusolver-cu12
nvidia-nccl-cu12==2.30.7
    # via jax-cuda12-plugin
nvidia-nvjitlink-cu12==12.9.86
    # via
    #   jax-cuda12-plugin
    #   nvidia-cufft-cu12
    #   nvidia-cusolver-cu12
    #   nvidia-cusparse-cu12
opencv-python==4.11.0.86
    # via agentlace
opt-einsum==3.4.0
    # via jax
optax==0.2.3
    # via
    #   -r serl_ur_infra/docker/requirements-rlpd-receive.in
    #   flax
orbax-checkpoint==0.6.4
    # via
    #   -r serl_ur_infra/docker/requirements-rlpd-receive.in
    #   flax
packaging==26.2
    # via pytest
pluggy==1.6.0
    # via pytest
protobuf==3.20.3
    # via
    #   -r serl_ur_infra/docker/requirements-rlpd-receive.in
    #   orbax-checkpoint
pygments==2.20.0
    # via rich
pytest==8.3.3
    # via -r serl_ur_infra/docker/requirements-rlpd-receive.in
pyyaml==6.0.3
    # via
    #   flax
    #   orbax-checkpoint
pyzmq==26.2.0
    # via
    #   -r serl_ur_infra/docker/requirements-rlpd-receive.in
    #   zmq
requests==2.32.3
    # via -r serl_ur_infra/docker/requirements-rlpd-receive.in
rich==15.0.0
    # via flax
scipy==1.11.4
    # via
    #   -r serl_ur_infra/docker/requirements-rlpd-receive.in
    #   jax
    #   jaxlib
tensorstore==0.1.78
    # via
    #   flax
    #   orbax-checkpoint
tomli==2.4.1
    # via pytest
toolz==1.1.0
    # via chex
tqdm==4.66.5
    # via -r serl_ur_infra/docker/requirements-rlpd-receive.in
typing==3.7.4.3
    # via agentlace
typing-extensions==4.12.2
    # via
    #   -r serl_ur_infra/docker/requirements-rlpd-receive.in
    #   agentlace
    #   chex
    #   etils
    #   exceptiongroup
    #   flax
    #   gymnasium
    #   orbax-checkpoint
urllib3==2.7.0
    # via requests
zipp==4.1.0
    # via etils
zmq==0.0.0
    # via agentlace
